
Microsoft Visual Studio Solution File, Format Version 12.00
# Visual Studio Version 17
VisualStudioVersion = 17.2.32526.322
MinimumVisualStudioVersion = 10.0.40219.1
Project("{9A19103F-16F7-4668-BE54-9A1E7A4F7556}") = "Space.Server", "Space\Server\Space.Server.csproj", "{5ED72184-633F-422D-B412-6394F383C7F3}"
EndProject
Project("{9A19103F-16F7-4668-BE54-9A1E7A4F7556}") = "Space.Client", "Space\Client\Space.Client.csproj", "{1E793260-7936-494E-A99C-3F2E891D721E}"
EndProject
Project("{9A19103F-16F7-4668-BE54-9A1E7A4F7556}") = "Space.Shared", "Space\Shared\Space.Shared.csproj", "{71F9748E-26AE-499C-AB7C-8F5ABBA52D8B}"
EndProject
Project("{2150E333-8FDC-42A3-9474-1A3956D46DE8}") = "Clients", "Clients", "{D054B8F2-B130-492C-B5DB-4E1170F949D7}"
EndProject
Project("{9A19103F-16F7-4668-BE54-9A1E7A4F7556}") = "Space.FrontHttpClient", "Space.HttpClients\Space.FrontHttpClient.csproj", "{BA7650C2-6B48-4BAE-8EB6-CE1B2CEFFA7F}"
EndProject
Project("{9A19103F-16F7-4668-BE54-9A1E7A4F7556}") = "Space.HttpClients.Common", "Space.HttpClients.Common\Space.HttpClients.Common.csproj", "{4355168B-DDCE-47F8-9280-7F2CCC062449}"
EndProject
Project("{9A19103F-16F7-4668-BE54-9A1E7A4F7556}") = "Space.BackendHttpClient", "Space.BackendHttpClient\Space.BackendHttpClient.csproj", "{AF446FCD-CFE1-4872-9590-7358E8243A9D}"
EndProject
Project("{9A19103F-16F7-4668-BE54-9A1E7A4F7556}") = "Space.Server.Datamodel", "Space.Datamodel\Space.Server.Datamodel.csproj", "{356F829E-A0AC-4CB5-BEDF-FF2CB4A0904F}"
EndProject
Project("{9A19103F-16F7-4668-BE54-9A1E7A4F7556}") = "Space.Client.Datamodel", "Space.Front.Datamodel\Space.Client.Datamodel.csproj", "{11E01B56-2803-4920-A980-45DE422E3341}"
EndProject
Project("{9A19103F-16F7-4668-BE54-9A1E7A4F7556}") = "Space.Client.Forms", "Space.Front.Forms\Space.Client.Forms.csproj", "{BA9CE661-6E18-4642-938C-5045B49AE348}"
EndProject
Project("{9A19103F-16F7-4668-BE54-9A1E7A4F7556}") = "Space.Server.Sync", "Space.Server.Sync\Space.Server.Sync.csproj", "{D1E21F20-38FC-4DDE-B52F-AA7B7E4C1552}"
EndProject
Project("{9A19103F-16F7-4668-BE54-9A1E7A4F7556}") = "Space.Server.Database", "Space.Server.Database\Space.Server.Database.csproj", "{F92EF653-FC27-4B2F-BD27-110E6919E954}"
EndProject
Project("{9A19103F-16F7-4668-BE54-9A1E7A4F7556}") = "Space.Server.Services", "Space.Server.Services\Space.Server.Services.csproj", "{E9F80F54-3709-4F1F-9915-5939126F5688}"
EndProject
Project("{9A19103F-16F7-4668-BE54-9A1E7A4F7556}") = "Space.Registration", "Space.Registration\Space.Registration.csproj", "{43A7322C-5695-4411-9099-1F5A83C2CF88}"
EndProject
Project("{9A19103F-16F7-4668-BE54-9A1E7A4F7556}") = "Space.Registration.DataBase", "Space.Registration.DataBase\Space.Registration.DataBase.csproj", "{8FE32716-13D7-4392-86DB-772FF1F3992C}"
EndProject
Project("{9A19103F-16F7-4668-BE54-9A1E7A4F7556}") = "Space.Forms", "Space.Forms\Space.Forms.csproj", "{9B05B668-DDEA-414F-B91D-53FE98224DE4}"
EndProject
Project("{FAE04EC0-301F-11D3-BF4B-00C04F79EFBC}") = "Space.Client.Services", "Space.Client.Services\Space.Client.Services.csproj", "{17A08C7D-11BC-4BAD-9B08-F74D43723A4C}"
EndProject
Global
	GlobalSection(SolutionConfigurationPlatforms) = preSolution
		Debug|Any CPU = Debug|Any CPU
		Release|Any CPU = Release|Any CPU
	EndGlobalSection
	GlobalSection(ProjectConfigurationPlatforms) = postSolution
		{5ED72184-633F-422D-B412-6394F383C7F3}.Debug|Any CPU.ActiveCfg = Debug|Any CPU
		{5ED72184-633F-422D-B412-6394F383C7F3}.Debug|Any CPU.Build.0 = Debug|Any CPU
		{5ED72184-633F-422D-B412-6394F383C7F3}.Release|Any CPU.ActiveCfg = Release|Any CPU
		{5ED72184-633F-422D-B412-6394F383C7F3}.Release|Any CPU.Build.0 = Release|Any CPU
		{1E793260-7936-494E-A99C-3F2E891D721E}.Debug|Any CPU.ActiveCfg = Debug|Any CPU
		{1E793260-7936-494E-A99C-3F2E891D721E}.Debug|Any CPU.Build.0 = Debug|Any CPU
		{1E793260-7936-494E-A99C-3F2E891D721E}.Release|Any CPU.ActiveCfg = Release|Any CPU
		{1E793260-7936-494E-A99C-3F2E891D721E}.Release|Any CPU.Build.0 = Release|Any CPU
		{71F9748E-26AE-499C-AB7C-8F5ABBA52D8B}.Debug|Any CPU.ActiveCfg = Debug|Any CPU
		{71F9748E-26AE-499C-AB7C-8F5ABBA52D8B}.Debug|Any CPU.Build.0 = Debug|Any CPU
		{71F9748E-26AE-499C-AB7C-8F5ABBA52D8B}.Release|Any CPU.ActiveCfg = Release|Any CPU
		{71F9748E-26AE-499C-AB7C-8F5ABBA52D8B}.Release|Any CPU.Build.0 = Release|Any CPU
		{BA7650C2-6B48-4BAE-8EB6-CE1B2CEFFA7F}.Debug|Any CPU.ActiveCfg = Debug|Any CPU
		{BA7650C2-6B48-4BAE-8EB6-CE1B2CEFFA7F}.Debug|Any CPU.Build.0 = Debug|Any CPU
		{BA7650C2-6B48-4BAE-8EB6-CE1B2CEFFA7F}.Release|Any CPU.ActiveCfg = Release|Any CPU
		{BA7650C2-6B48-4BAE-8EB6-CE1B2CEFFA7F}.Release|Any CPU.Build.0 = Release|Any CPU
		{4355168B-DDCE-47F8-9280-7F2CCC062449}.Debug|Any CPU.ActiveCfg = Debug|Any CPU
		{4355168B-DDCE-47F8-9280-7F2CCC062449}.Debug|Any CPU.Build.0 = Debug|Any CPU
		{4355168B-DDCE-47F8-9280-7F2CCC062449}.Release|Any CPU.ActiveCfg = Release|Any CPU
		{4355168B-DDCE-47F8-9280-7F2CCC062449}.Release|Any CPU.Build.0 = Release|Any CPU
		{AF446FCD-CFE1-4872-9590-7358E8243A9D}.Debug|Any CPU.ActiveCfg = Debug|Any CPU
		{AF446FCD-CFE1-4872-9590-7358E8243A9D}.Debug|Any CPU.Build.0 = Debug|Any CPU
		{AF446FCD-CFE1-4872-9590-7358E8243A9D}.Release|Any CPU.ActiveCfg = Release|Any CPU
		{AF446FCD-CFE1-4872-9590-7358E8243A9D}.Release|Any CPU.Build.0 = Release|Any CPU
		{356F829E-A0AC-4CB5-BEDF-FF2CB4A0904F}.Debug|Any CPU.ActiveCfg = Debug|Any CPU
		{356F829E-A0AC-4CB5-BEDF-FF2CB4A0904F}.Debug|Any CPU.Build.0 = Debug|Any CPU
		{356F829E-A0AC-4CB5-BEDF-FF2CB4A0904F}.Release|Any CPU.ActiveCfg = Release|Any CPU
		{356F829E-A0AC-4CB5-BEDF-FF2CB4A0904F}.Release|Any CPU.Build.0 = Release|Any CPU
		{11E01B56-2803-4920-A980-45DE422E3341}.Debug|Any CPU.ActiveCfg = Debug|Any CPU
		{11E01B56-2803-4920-A980-45DE422E3341}.Debug|Any CPU.Build.0 = Debug|Any CPU
		{11E01B56-2803-4920-A980-45DE422E3341}.Release|Any CPU.ActiveCfg = Release|Any CPU
		{11E01B56-2803-4920-A980-45DE422E3341}.Release|Any CPU.Build.0 = Release|Any CPU
		{BA9CE661-6E18-4642-938C-5045B49AE348}.Debug|Any CPU.ActiveCfg = Debug|Any CPU
		{BA9CE661-6E18-4642-938C-5045B49AE348}.Debug|Any CPU.Build.0 = Debug|Any CPU
		{BA9CE661-6E18-4642-938C-5045B49AE348}.Release|Any CPU.ActiveCfg = Release|Any CPU
		{BA9CE661-6E18-4642-938C-5045B49AE348}.Release|Any CPU.Build.0 = Release|Any CPU
		{D1E21F20-38FC-4DDE-B52F-AA7B7E4C1552}.Debug|Any CPU.ActiveCfg = Debug|Any CPU
		{D1E21F20-38FC-4DDE-B52F-AA7B7E4C1552}.Debug|Any CPU.Build.0 = Debug|Any CPU
		{D1E21F20-38FC-4DDE-B52F-AA7B7E4C1552}.Release|Any CPU.ActiveCfg = Release|Any CPU
		{D1E21F20-38FC-4DDE-B52F-AA7B7E4C1552}.Release|Any CPU.Build.0 = Release|Any CPU
		{F92EF653-FC27-4B2F-BD27-110E6919E954}.Debug|Any CPU.ActiveCfg = Debug|Any CPU
		{F92EF653-FC27-4B2F-BD27-110E6919E954}.Debug|Any CPU.Build.0 = Debug|Any CPU
		{F92EF653-FC27-4B2F-BD27-110E6919E954}.Release|Any CPU.ActiveCfg = Release|Any CPU
		{F92EF653-FC27-4B2F-BD27-110E6919E954}.Release|Any CPU.Build.0 = Release|Any CPU
		{E9F80F54-3709-4F1F-9915-5939126F5688}.Debug|Any CPU.ActiveCfg = Debug|Any CPU
		{E9F80F54-3709-4F1F-9915-5939126F5688}.Debug|Any CPU.Build.0 = Debug|Any CPU
		{E9F80F54-3709-4F1F-9915-5939126F5688}.Release|Any CPU.ActiveCfg = Release|Any CPU
		{E9F80F54-3709-4F1F-9915-5939126F5688}.Release|Any CPU.Build.0 = Release|Any CPU
		{43A7322C-5695-4411-9099-1F5A83C2CF88}.Debug|Any CPU.ActiveCfg = Debug|Any CPU
		{43A7322C-5695-4411-9099-1F5A83C2CF88}.Debug|Any CPU.Build.0 = Debug|Any CPU
		{43A7322C-5695-4411-9099-1F5A83C2CF88}.Release|Any CPU.ActiveCfg = Release|Any CPU
		{43A7322C-5695-4411-9099-1F5A83C2CF88}.Release|Any CPU.Build.0 = Release|Any CPU
		{8FE32716-13D7-4392-86DB-772FF1F3992C}.Debug|Any CPU.ActiveCfg = Debug|Any CPU
		{8FE32716-13D7-4392-86DB-772FF1F3992C}.Debug|Any CPU.Build.0 = Debug|Any CPU
		{8FE32716-13D7-4392-86DB-772FF1F3992C}.Release|Any CPU.ActiveCfg = Release|Any CPU
		{8FE32716-13D7-4392-86DB-772FF1F3992C}.Release|Any CPU.Build.0 = Release|Any CPU
		{9B05B668-DDEA-414F-B91D-53FE98224DE4}.Debug|Any CPU.ActiveCfg = Debug|Any CPU
		{9B05B668-DDEA-414F-B91D-53FE98224DE4}.Debug|Any CPU.Build.0 = Debug|Any CPU
		{9B05B668-DDEA-414F-B91D-53FE98224DE4}.Release|Any CPU.ActiveCfg = Release|Any CPU
		{9B05B668-DDEA-414F-B91D-53FE98224DE4}.Release|Any CPU.Build.0 = Release|Any CPU
		{17A08C7D-11BC-4BAD-9B08-F74D43723A4C}.Debug|Any CPU.ActiveCfg = Debug|Any CPU
		{17A08C7D-11BC-4BAD-9B08-F74D43723A4C}.Debug|Any CPU.Build.0 = Debug|Any CPU
		{17A08C7D-11BC-4BAD-9B08-F74D43723A4C}.Release|Any CPU.ActiveCfg = Release|Any CPU
		{17A08C7D-11BC-4BAD-9B08-F74D43723A4C}.Release|Any CPU.Build.0 = Release|Any CPU
	EndGlobalSection
	GlobalSection(SolutionProperties) = preSolution
		HideSolutionNode = FALSE
	EndGlobalSection
	GlobalSection(NestedProjects) = preSolution
		{BA7650C2-6B48-4BAE-8EB6-CE1B2CEFFA7F} = {D054B8F2-B130-492C-B5DB-4E1170F949D7}
		{4355168B-DDCE-47F8-9280-7F2CCC062449} = {D054B8F2-B130-492C-B5DB-4E1170F949D7}
		{AF446FCD-CFE1-4872-9590-7358E8243A9D} = {D054B8F2-B130-492C-B5DB-4E1170F949D7}
	EndGlobalSection
	GlobalSection(ExtensibilityGlobals) = postSolution
		SolutionGuid = {9F839B60-0D08-4370-A44D-F6EC2CE99CE5}
	EndGlobalSection
EndGlobal
